
Microsoft Visual Studio Solution File, Format Version 12.00
# Visual Studio Version 16
VisualStudioVersion = 16.0.30611.23
MinimumVisualStudioVersion = 10.0.40219.1
Project("{FAE04EC0-301F-11D3-BF4B-00C04F79EFBC}") = "BooksonicControlPanel", "BooksonicControlPanel\BooksonicControlPanel.csproj", "{DDAE7DC6-26B4-4BA7-B874-B144DFE38FE3}"
EndProject
Project("{2150E333-8FDC-42A3-9474-1A3956D46DE8}") = "Solution Items", "Solution Items", "{4C9D4111-A96E-4DD7-A7B0-9AECA1E91C52}"
	ProjectSection(SolutionItems) = preProject
		BooksonicControlPanel\bin\Release\Newtonsoft.Json.dll = BooksonicControlPanel\bin\Release\Newtonsoft.Json.dll
	EndProjectSection
EndProject
Global
	GlobalSection(SolutionConfigurationPlatforms) = preSolution
		Debug|Any CPU = Debug|Any CPU
		Release|Any CPU = Release|Any CPU
	EndGlobalSection
	GlobalSection(ProjectConfigurationPlatforms) = postSolution
		{DDAE7DC6-26B4-4BA7-B874-B144DFE38FE3}.Debug|Any CPU.ActiveCfg = Release|Any CPU
		{DDAE7DC6-26B4-4BA7-B874-B144DFE38FE3}.Debug|Any CPU.Build.0 = Release|Any CPU
		{DDAE7DC6-26B4-4BA7-B874-B144DFE38FE3}.Release|Any CPU.ActiveCfg = Release|Any CPU
		{DDAE7DC6-26B4-4BA7-B874-B144DFE38FE3}.Release|Any CPU.Build.0 = Release|Any CPU
	EndGlobalSection
	GlobalSection(SolutionProperties) = preSolution
		HideSolutionNode = FALSE
	EndGlobalSection
	GlobalSection(ExtensibilityGlobals) = postSolution
		SolutionGuid = {766BC110-8FF9-4956-B18B-1B7D8CB63209}
	EndGlobalSection
EndGlobal
